{
  "version": "4",
  "specifiers": {
    "jsr:@std/async@^1.0.9": "1.0.9",
    "jsr:@std/dotenv@~0.225.3": "0.225.3"
  },
  "jsr": {
    "@std/async@1.0.9": {
      "integrity": "c6472fd0623b3f3daae023cdf7ca5535e1b721dfbf376562c0c12b3fb4867f91"
    },
    "@std/dotenv@0.225.3": {
      "integrity": "a95e5b812c27b0854c52acbae215856d9cce9d4bbf774d938c51d212711e8d4a"
    }
  },
  "workspace": {
    "dependencies": [
      "jsr:@std/async@^1.0.9",
      "jsr:@std/dotenv@~0.225.3"
    ]
  }
}
